<?xml version="1.0" encoding="utf-8"?>
<Project ToolsVersion="4.0" xmlns="http://schemas.microsoft.com/developer/msbuild/2003">
  <ItemGroup>
    <Filter Include="Reckon_Engine">
      <UniqueIdentifier>{7CBFC4AC-E87F-40E3-B1BA-89601D3A85BF}</UniqueIdentifier>
    </Filter>
    <Filter Include="Reckon_Engine\Events">
      <UniqueIdentifier>{E0A77081-CC36-FA4A-7555-0E4661C30AF1}</UniqueIdentifier>
    </Filter>
  </ItemGroup>
  <ItemGroup>
    <ClInclude Include="src\ReckonEngine.h" />
    <ClInclude Include="src\Reckon_Engine\Application.h">
      <Filter>Reckon_Engine</Filter>
    </ClInclude>
    <ClInclude Include="src\Reckon_Engine\Core.h">
      <Filter>Reckon_Engine</Filter>
    </ClInclude>
    <ClInclude Include="src\Reckon_Engine\EntryPoint.h">
      <Filter>Reckon_Engine</Filter>
    </ClInclude>
    <ClInclude Include="src\Reckon_Engine\Events\ApplicationEvent.h">
      <Filter>Reckon_Engine\Events</Filter>
    </ClInclude>
    <ClInclude Include="src\Reckon_Engine\Events\Event.h">
      <Filter>Reckon_Engine\Events</Filter>
    </ClInclude>
    <ClInclude Include="src\Reckon_Engine\Events\KeyEvent.h">
      <Filter>Reckon_Engine\Events</Filter>
    </ClInclude>
    <ClInclude Include="src\Reckon_Engine\Events\MouseEvent.h">
      <Filter>Reckon_Engine\Events</Filter>
    </ClInclude>
    <ClInclude Include="src\Reckon_Engine\Log.h">
      <Filter>Reckon_Engine</Filter>
    </ClInclude>
  </ItemGroup>
  <ItemGroup>
    <ClCompile Include="src\Reckon_Engine\Application.cpp">
      <Filter>Reckon_Engine</Filter>
    </ClCompile>
    <ClCompile Include="src\Reckon_Engine\Log.cpp">
      <Filter>Reckon_Engine</Filter>
    </ClCompile>
  </ItemGroup>
</Project>