<?xml version="1.0" encoding="utf-8"?>
<Project ToolsVersion="4.0" xmlns="http://schemas.microsoft.com/developer/msbuild/2003">
  <ItemGroup>
    <Filter Include="src">
      <UniqueIdentifier>{2DAB880B-99B4-887C-2230-9F7C8E38947C}</UniqueIdentifier>
    </Filter>
    <Filter Include="src\Platform">
      <UniqueIdentifier>{21CA02E5-0D2D-9289-B6B2-CA3FA2F45D0C}</UniqueIdentifier>
    </Filter>
    <Filter Include="src\Platform\Windows">
      <UniqueIdentifier>{5B054582-4794-CE4B-F0B2-E246DC20DFF1}</UniqueIdentifier>
    </Filter>
    <Filter Include="src\Reckon">
      <UniqueIdentifier>{DEABE02B-CA63-2279-336B-FBD41F42BD69}</UniqueIdentifier>
    </Filter>
    <Filter Include="src\Reckon\Events">
      <UniqueIdentifier>{02929EB5-6EA8-9C4B-B71F-286D23756DD3}</UniqueIdentifier>
    </Filter>
  </ItemGroup>
  <ItemGroup>
    <ClInclude Include="src\Platform\Windows\WindowsWindow.h">
      <Filter>src\Platform\Windows</Filter>
    </ClInclude>
    <ClInclude Include="src\Reckon\Application.h">
      <Filter>src\Reckon</Filter>
    </ClInclude>
    <ClInclude Include="src\Reckon\Core.h">
      <Filter>src\Reckon</Filter>
    </ClInclude>
    <ClInclude Include="src\Reckon\EntryPoint.h">
      <Filter>src\Reckon</Filter>
    </ClInclude>
    <ClInclude Include="src\Reckon\Events\ApplicationEvent.h">
      <Filter>src\Reckon\Events</Filter>
    </ClInclude>
    <ClInclude Include="src\Reckon\Events\Event.h">
      <Filter>src\Reckon\Events</Filter>
    </ClInclude>
    <ClInclude Include="src\Reckon\Events\KeyEvent.h">
      <Filter>src\Reckon\Events</Filter>
    </ClInclude>
    <ClInclude Include="src\Reckon\Events\MouseEvent.h">
      <Filter>src\Reckon\Events</Filter>
    </ClInclude>
    <ClInclude Include="src\Reckon\Log.h">
      <Filter>src\Reckon</Filter>
    </ClInclude>
    <ClInclude Include="src\Reckon\Window.h">
      <Filter>src\Reckon</Filter>
    </ClInclude>
    <ClInclude Include="src\ReckonEngine.h">
      <Filter>src</Filter>
    </ClInclude>
    <ClInclude Include="src\rckpch.h">
      <Filter>src</Filter>
    </ClInclude>
  </ItemGroup>
  <ItemGroup>
    <ClCompile Include="src\Platform\Windows\WindowsWindow.cpp">
      <Filter>src\Platform\Windows</Filter>
    </ClCompile>
    <ClCompile Include="src\Reckon\Application.cpp">
      <Filter>src\Reckon</Filter>
    </ClCompile>
    <ClCompile Include="src\Reckon\Log.cpp">
      <Filter>src\Reckon</Filter>
    </ClCompile>
    <ClCompile Include="src\rckpch.cpp">
      <Filter>src</Filter>
    </ClCompile>
  </ItemGroup>
  <ItemGroup>
    <None Include="cpp.hint" />
  </ItemGroup>
</Project>